// !$*UTF8*$!
{
	archiveVersion = 1;
	classes = {
	};
	objectVersion = 50;
	objects = {

/* Begin PBXBuildFile section */
		B166FE772469D371000EBB00 /* AppDelegate.swift in Sources */ = {isa = PBXBuildFile; fileRef = B166FE762469D371000EBB00 /* AppDelegate.swift */; };
		B166FE792469D371000EBB00 /* MainVC.swift in Sources */ = {isa = PBXBuildFile; fileRef = B166FE782469D371000EBB00 /* MainVC.swift */; };
		B166FE7C2469D371000EBB00 /* Main.storyboard in Resources */ = {isa = PBXBuildFile; fileRef = B166FE7A2469D371000EBB00 /* Main.storyboard */; };
		B166FE7F2469D371000EBB00 /* DocFlow.xcdatamodeld in Sources */ = {isa = PBXBuildFile; fileRef = B166FE7D2469D371000EBB00 /* DocFlow.xcdatamodeld */; };
		B166FE812469D374000EBB00 /* Assets.xcassets in Resources */ = {isa = PBXBuildFile; fileRef = B166FE802469D374000EBB00 /* Assets.xcassets */; };
		B166FE842469D374000EBB00 /* LaunchScreen.storyboard in Resources */ = {isa = PBXBuildFile; fileRef = B166FE822469D374000EBB00 /* LaunchScreen.storyboard */; };
		B166FE8F2469D416000EBB00 /* NetworkService.swift in Sources */ = {isa = PBXBuildFile; fileRef = B166FE8E2469D416000EBB00 /* NetworkService.swift */; };
		B166FE922469D474000EBB00 /* DocFlowTask.swift in Sources */ = {isa = PBXBuildFile; fileRef = B166FE912469D474000EBB00 /* DocFlowTask.swift */; };
		B166FE942469D48D000EBB00 /* APIError.swift in Sources */ = {isa = PBXBuildFile; fileRef = B166FE932469D48D000EBB00 /* APIError.swift */; };
		B166FE962469DDA1000EBB00 /* DocFlowTaskCell.swift in Sources */ = {isa = PBXBuildFile; fileRef = B166FE952469DDA1000EBB00 /* DocFlowTaskCell.swift */; };
/* End PBXBuildFile section */

/* Begin PBXFileReference section */
		B166FE732469D371000EBB00 /* DocFlow.app */ = {isa = PBXFileReference; explicitFileType = wrapper.application; includeInIndex = 0; path = DocFlow.app; sourceTree = BUILT_PRODUCTS_DIR; };
		B166FE762469D371000EBB00 /* AppDelegate.swift */ = {isa = PBXFileReference; lastKnownFileType = sourcecode.swift; path = AppDelegate.swift; sourceTree = "<group>"; };
		B166FE782469D371000EBB00 /* MainVC.swift */ = {isa = PBXFileReference; lastKnownFileType = sourcecode.swift; path = MainVC.swift; sourceTree = "<group>"; };
		B166FE7B2469D371000EBB00 /* Base */ = {isa = PBXFileReference; lastKnownFileType = file.storyboard; name = Base; path = Base.lproj/Main.storyboard; sourceTree = "<group>"; };
		B166FE7E2469D371000EBB00 /* DocFlow.xcdatamodel */ = {isa = PBXFileReference; lastKnownFileType = wrapper.xcdatamodel; path = DocFlow.xcdatamodel; sourceTree = "<group>"; };
		B166FE802469D374000EBB00 /* Assets.xcassets */ = {isa = PBXFileReference; lastKnownFileType = folder.assetcatalog; path = Assets.xcassets; sourceTree = "<group>"; };
		B166FE832469D374000EBB00 /* Base */ = {isa = PBXFileReference; lastKnownFileType = file.storyboard; name = Base; path = Base.lproj/LaunchScreen.storyboard; sourceTree = "<group>"; };
		B166FE852469D374000EBB00 /* Info.plist */ = {isa = PBXFileReference; lastKnownFileType = text.plist.xml; path = Info.plist; sourceTree = "<group>"; };
		B166FE8E2469D416000EBB00 /* NetworkService.swift */ = {isa = PBXFileReference; lastKnownFileType = sourcecode.swift; path = NetworkService.swift; sourceTree = "<group>"; };
		B166FE912469D474000EBB00 /* DocFlowTask.swift */ = {isa = PBXFileReference; lastKnownFileType = sourcecode.swift; path = DocFlowTask.swift; sourceTree = "<group>"; };
		B166FE932469D48D000EBB00 /* APIError.swift */ = {isa = PBXFileReference; lastKnownFileType = sourcecode.swift; path = APIError.swift; sourceTree = "<group>"; };
		B166FE952469DDA1000EBB00 /* DocFlowTaskCell.swift */ = {isa = PBXFileReference; lastKnownFileType = sourcecode.swift; path = DocFlowTaskCell.swift; sourceTree = "<group>"; };
/* End PBXFileReference section */

/* Begin PBXFrameworksBuildPhase section */
		B166FE702469D371000EBB00 /* Frameworks */ = {
			isa = PBXFrameworksBuildPhase;
			buildActionMask = 2147483647;
			files = (
			);
			runOnlyForDeploymentPostprocessing = 0;
		};
/* End PBXFrameworksBuildPhase section */

/* Begin PBXGroup section */
		B166FE6A2469D371000EBB00 = {
			isa = PBXGroup;
			children = (
				B166FE752469D371000EBB00 /* DocFlow */,
				B166FE742469D371000EBB00 /* Products */,
			);
			sourceTree = "<group>";
		};
		B166FE742469D371000EBB00 /* Products */ = {
			isa = PBXGroup;
			children = (
				B166FE732469D371000EBB00 /* DocFlow.app */,
			);
			name = Products;
			sourceTree = "<group>";
		};
		B166FE752469D371000EBB00 /* DocFlow */ = {
			isa = PBXGroup;
			children = (
				B166FE902469D425000EBB00 /* model */,
				B166FE8D2469D3CB000EBB00 /* view */,
				B166FE8C2469D3BF000EBB00 /* controller */,
				B166FE8B2469D3AF000EBB00 /* service */,
				B166FE762469D371000EBB00 /* AppDelegate.swift */,
				B166FE7A2469D371000EBB00 /* Main.storyboard */,
				B166FE802469D374000EBB00 /* Assets.xcassets */,
				B166FE822469D374000EBB00 /* LaunchScreen.storyboard */,
				B166FE852469D374000EBB00 /* Info.plist */,
				B166FE7D2469D371000EBB00 /* DocFlow.xcdatamodeld */,
			);
			path = DocFlow;
			sourceTree = "<group>";
		};
		B166FE8B2469D3AF000EBB00 /* service */ = {
			isa = PBXGroup;
			children = (
				B166FE8E2469D416000EBB00 /* NetworkService.swift */,
			);
			path = service;
			sourceTree = "<group>";
		};
		B166FE8C2469D3BF000EBB00 /* controller */ = {
			isa = PBXGroup;
			children = (
				B166FE782469D371000EBB00 /* MainVC.swift */,
			);
			path = controller;
			sourceTree = "<group>";
		};
		B166FE8D2469D3CB000EBB00 /* view */ = {
			isa = PBXGroup;
			children = (
				B166FE952469DDA1000EBB00 /* DocFlowTaskCell.swift */,
			);
			path = view;
			sourceTree = "<group>";
		};
		B166FE902469D425000EBB00 /* model */ = {
			isa = PBXGroup;
			children = (
				B166FE912469D474000EBB00 /* DocFlowTask.swift */,
				B166FE932469D48D000EBB00 /* APIError.swift */,
			);
			path = model;
			sourceTree = "<group>";
		};
/* End PBXGroup section */

/* Begin PBXNativeTarget section */
		B166FE722469D371000EBB00 /* DocFlow */ = {
			isa = PBXNativeTarget;
			buildConfigurationList = B166FE882469D374000EBB00 /* Build configuration list for PBXNativeTarget "DocFlow" */;
			buildPhases = (
				B166FE6F2469D371000EBB00 /* Sources */,
				B166FE702469D371000EBB00 /* Frameworks */,
				B166FE712469D371000EBB00 /* Resources */,
			);
			buildRules = (
			);
			dependencies = (
			);
			name = DocFlow;
			productName = DocFlow;
			productReference = B166FE732469D371000EBB00 /* DocFlow.app */;
			productType = "com.apple.product-type.application";
		};
/* End PBXNativeTarget section */

/* Begin PBXProject section */
		B166FE6B2469D371000EBB00 /* Project object */ = {
			isa = PBXProject;
			attributes = {
				LastSwiftUpdateCheck = 1010;
				LastUpgradeCheck = 1010;
				ORGANIZATIONNAME = "Evgeny Makhankov";
				TargetAttributes = {
					B166FE722469D371000EBB00 = {
						CreatedOnToolsVersion = 10.1;
					};
				};
			};
			buildConfigurationList = B166FE6E2469D371000EBB00 /* Build configuration list for PBXProject "DocFlow" */;
			compatibilityVersion = "Xcode 9.3";
			developmentRegion = en;
			hasScannedForEncodings = 0;
			knownRegions = (
				en,
				Base,
			);
			mainGroup = B166FE6A2469D371000EBB00;
			productRefGroup = B166FE742469D371000EBB00 /* Products */;
			projectDirPath = "";
			projectRoot = "";
			targets = (
				B166FE722469D371000EBB00 /* DocFlow */,
			);
		};
/* End PBXProject section */

/* Begin PBXResourcesBuildPhase section */
		B166FE712469D371000EBB00 /* Resources */ = {
			isa = PBXResourcesBuildPhase;
			buildActionMask = 2147483647;
			files = (
				B166FE842469D374000EBB00 /* LaunchScreen.storyboard in Resources */,
				B166FE812469D374000EBB00 /* Assets.xcassets in Resources */,
				B166FE7C2469D371000EBB00 /* Main.storyboard in Resources */,
			);
			runOnlyForDeploymentPostprocessing = 0;
		};
/* End PBXResourcesBuildPhase section */

/* Begin PBXSourcesBuildPhase section */
		B166FE6F2469D371000EBB00 /* Sources */ = {
			isa = PBXSourcesBuildPhase;
			buildActionMask = 2147483647;
			files = (
				B166FE922469D474000EBB00 /* DocFlowTask.swift in Sources */,
				B166FE792469D371000EBB00 /* MainVC.swift in Sources */,
				B166FE962469DDA1000EBB00 /* DocFlowTaskCell.swift in Sources */,
				B166FE7F2469D371000EBB00 /* DocFlow.xcdatamodeld in Sources */,
				B166FE8F2469D416000EBB00 /* NetworkService.swift in Sources */,
				B166FE772469D371000EBB00 /* AppDelegate.swift in Sources */,
				B166FE942469D48D000EBB00 /* APIError.swift in Sources */,
			);
			runOnlyForDeploymentPostprocessing = 0;
		};
/* End PBXSourcesBuildPhase section */

/* Begin PBXVariantGroup section */
		B166FE7A2469D371000EBB00 /* Main.storyboard */ = {
			isa = PBXVariantGroup;
			children = (
				B166FE7B2469D371000EBB00 /* Base */,
			);
			name = Main.storyboard;
			sourceTree = "<group>";
		};
		B166FE822469D374000EBB00 /* LaunchScreen.storyboard */ = {
			isa = PBXVariantGroup;
			children = (
				B166FE832469D374000EBB00 /* Base */,
			);
			name = LaunchScreen.storyboard;
			sourceTree = "<group>";
		};
/* End PBXVariantGroup section */

/* Begin XCBuildConfiguration section */
		B166FE862469D374000EBB00 /* Debug */ = {
			isa = XCBuildConfiguration;
			buildSettings = {
				ALWAYS_SEARCH_USER_PATHS = NO;
				CLANG_ANALYZER_NONNULL = YES;
				CLANG_ANALYZER_NUMBER_OBJECT_CONVERSION = YES_AGGRESSIVE;
				CLANG_CXX_LANGUAGE_STANDARD = "gnu++14";
				CLANG_CXX_LIBRARY = "libc++";
				CLANG_ENABLE_MODULES = YES;
				CLANG_ENABLE_OBJC_ARC = YES;
				CLANG_ENABLE_OBJC_WEAK = YES;
				CLANG_WARN_BLOCK_CAPTURE_AUTORELEASING = YES;
				CLANG_WARN_BOOL_CONVERSION = YES;
				CLANG_WARN_COMMA = YES;
				CLANG_WARN_CONSTANT_CONVERSION = YES;
				CLANG_WARN_DEPRECATED_OBJC_IMPLEMENTATIONS = YES;
				CLANG_WARN_DIRECT_OBJC_ISA_USAGE = YES_ERROR;
				CLANG_WARN_DOCUMENTATION_COMMENTS = YES;
				CLANG_WARN_EMPTY_BODY = YES;
				CLANG_WARN_ENUM_CONVERSION = YES;
				CLANG_WARN_INFINITE_RECURSION = YES;
				CLANG_WARN_INT_CONVERSION = YES;
				CLANG_WARN_NON_LITERAL_NULL_CONVERSION = YES;
				CLANG_WARN_OBJC_IMPLICIT_RETAIN_SELF = YES;
				CLANG_WARN_OBJC_LITERAL_CONVERSION = YES;
				CLANG_WARN_OBJC_ROOT_CLASS = YES_ERROR;
				CLANG_WARN_RANGE_LOOP_ANALYSIS = YES;
				CLANG_WARN_STRICT_PROTOTYPES = YES;
				CLANG_WARN_SUSPICIOUS_MOVE = YES;
				CLANG_WARN_UNGUARDED_AVAILABILITY = YES_AGGRESSIVE;
				CLANG_WARN_UNREACHABLE_CODE = YES;
				CLANG_WARN__DUPLICATE_METHOD_MATCH = YES;
				CODE_SIGN_IDENTITY = "iPhone Developer";
				COPY_PHASE_STRIP = NO;
				DEBUG_INFORMATION_FORMAT = dwarf;
				ENABLE_STRICT_OBJC_MSGSEND = YES;
				ENABLE_TESTABILITY = YES;
				GCC_C_LANGUAGE_STANDARD = gnu11;
				GCC_DYNAMIC_NO_PIC = NO;
				GCC_NO_COMMON_BLOCKS = YES;
				GCC_OPTIMIZATION_LEVEL = 0;
				GCC_PREPROCESSOR_DEFINITIONS = (
					"DEBUG=1",
					"$(inherited)",
				);
				GCC_WARN_64_TO_32_BIT_CONVERSION = YES;
				GCC_WARN_ABOUT_RETURN_TYPE = YES_ERROR;
				GCC_WARN_UNDECLARED_SELECTOR = YES;
				GCC_WARN_UNINITIALIZED_AUTOS = YES_AGGRESSIVE;
				GCC_WARN_UNUSED_FUNCTION = YES;
				GCC_WARN_UNUSED_VARIABLE = YES;
				IPHONEOS_DEPLOYMENT_TARGET = 12.1;
				MTL_ENABLE_DEBUG_INFO = INCLUDE_SOURCE;
				MTL_FAST_MATH = YES;
				ONLY_ACTIVE_ARCH = YES;
				SDKROOT = iphoneos;
				SWIFT_ACTIVE_COMPILATION_CONDITIONS = DEBUG;
				SWIFT_OPTIMIZATION_LEVEL = "-Onone";
			};
			name = Debug;
		};
		B166FE872469D374000EBB00 /* Release */ = {
			isa = XCBuildConfiguration;
			buildSettings = {
				ALWAYS_SEARCH_USER_PATHS = NO;
				CLANG_ANALYZER_NONNULL = YES;
				CLANG_ANALYZER_NUMBER_OBJECT_CONVERSION = YES_AGGRESSIVE;
				CLANG_CXX_LANGUAGE_STANDARD = "gnu++14";
				CLANG_CXX_LIBRARY = "libc++";
				CLANG_ENABLE_MODULES = YES;
				CLANG_ENABLE_OBJC_ARC = YES;
				CLANG_ENABLE_OBJC_WEAK = YES;
				CLANG_WARN_BLOCK_CAPTURE_AUTORELEASING = YES;
				CLANG_WARN_BOOL_CONVERSION = YES;
				CLANG_WARN_COMMA = YES;
				CLANG_WARN_CONSTANT_CONVERSION = YES;
				CLANG_WARN_DEPRECATED_OBJC_IMPLEMENTATIONS = YES;
				CLANG_WARN_DIRECT_OBJC_ISA_USAGE = YES_ERROR;
				CLANG_WARN_DOCUMENTATION_COMMENTS = YES;
				CLANG_WARN_EMPTY_BODY = YES;
				CLANG_WARN_ENUM_CONVERSION = YES;
				CLANG_WARN_INFINITE_RECURSION = YES;
				CLANG_WARN_INT_CONVERSION = YES;
				CLANG_WARN_NON_LITERAL_NULL_CONVERSION = YES;
				CLANG_WARN_OBJC_IMPLICIT_RETAIN_SELF = YES;
				CLANG_WARN_OBJC_LITERAL_CONVERSION = YES;
				CLANG_WARN_OBJC_ROOT_CLASS = YES_ERROR;
				CLANG_WARN_RANGE_LOOP_ANALYSIS = YES;
				CLANG_WARN_STRICT_PROTOTYPES = YES;
				CLANG_WARN_SUSPICIOUS_MOVE = YES;
				CLANG_WARN_UNGUARDED_AVAILABILITY = YES_AGGRESSIVE;
				CLANG_WARN_UNREACHABLE_CODE = YES;
				CLANG_WARN__DUPLICATE_METHOD_MATCH = YES;
				CODE_SIGN_IDENTITY = "iPhone Developer";
				COPY_PHASE_STRIP = NO;
				DEBUG_INFORMATION_FORMAT = "dwarf-with-dsym";
				ENABLE_NS_ASSERTIONS = NO;
				ENABLE_STRICT_OBJC_MSGSEND = YES;
				GCC_C_LANGUAGE_STANDARD = gnu11;
				GCC_NO_COMMON_BLOCKS = YES;
				GCC_WARN_64_TO_32_BIT_CONVERSION = YES;
				GCC_WARN_ABOUT_RETURN_TYPE = YES_ERROR;
				GCC_WARN_UNDECLARED_SELECTOR = YES;
				GCC_WARN_UNINITIALIZED_AUTOS = YES_AGGRESSIVE;
				GCC_WARN_UNUSED_FUNCTION = YES;
				GCC_WARN_UNUSED_VARIABLE = YES;
				IPHONEOS_DEPLOYMENT_TARGET = 12.1;
				MTL_ENABLE_DEBUG_INFO = NO;
				MTL_FAST_MATH = YES;
				SDKROOT = iphoneos;
				SWIFT_COMPILATION_MODE = wholemodule;
				SWIFT_OPTIMIZATION_LEVEL = "-O";
				VALIDATE_PRODUCT = YES;
			};
			name = Release;
		};
		B166FE892469D374000EBB00 /* Debug */ = {
			isa = XCBuildConfiguration;
			buildSettings = {
				ASSETCATALOG_COMPILER_APPICON_NAME = AppIcon;
				CODE_SIGN_STYLE = Automatic;
				DEVELOPMENT_TEAM = 5AKRH9S966;
				INFOPLIST_FILE = DocFlow/Info.plist;
				LD_RUNPATH_SEARCH_PATHS = (
					"$(inherited)",
					"@executable_path/Frameworks",
				);
				PRODUCT_BUNDLE_IDENTIFIER = "Evgeny-Makhankov.DocFlow";
				PRODUCT_NAME = "$(TARGET_NAME)";
				SWIFT_VERSION = 4.2;
				TARGETED_DEVICE_FAMILY = "1,2";
			};
			name = Debug;
		};
		B166FE8A2469D374000EBB00 /* Release */ = {
			isa = XCBuildConfiguration;
			buildSettings = {
				ASSETCATALOG_COMPILER_APPICON_NAME = AppIcon;
				CODE_SIGN_STYLE = Automatic;
				DEVELOPMENT_TEAM = 5AKRH9S966;
				INFOPLIST_FILE = DocFlow/Info.plist;
				LD_RUNPATH_SEARCH_PATHS = (
					"$(inherited)",
					"@executable_path/Frameworks",
				);
				PRODUCT_BUNDLE_IDENTIFIER = "Evgeny-Makhankov.DocFlow";
				PRODUCT_NAME = "$(TARGET_NAME)";
				SWIFT_VERSION = 4.2;
				TARGETED_DEVICE_FAMILY = "1,2";
			};
			name = Release;
		};
/* End XCBuildConfiguration section */

/* Begin XCConfigurationList section */
		B166FE6E2469D371000EBB00 /* Build configuration list for PBXProject "DocFlow" */ = {
			isa = XCConfigurationList;
			buildConfigurations = (
				B166FE862469D374000EBB00 /* Debug */,
				B166FE872469D374000EBB00 /* Release */,
			);
			defaultConfigurationIsVisible = 0;
			defaultConfigurationName = Release;
		};
		B166FE882469D374000EBB00 /* Build configuration list for PBXNativeTarget "DocFlow" */ = {
			isa = XCConfigurationList;
			buildConfigurations = (
				B166FE892469D374000EBB00 /* Debug */,
				B166FE8A2469D374000EBB00 /* Release */,
			);
			defaultConfigurationIsVisible = 0;
			defaultConfigurationName = Release;
		};
/* End XCConfigurationList section */

/* Begin XCVersionGroup section */
		B166FE7D2469D371000EBB00 /* DocFlow.xcdatamodeld */ = {
			isa = XCVersionGroup;
			children = (
				B166FE7E2469D371000EBB00 /* DocFlow.xcdatamodel */,
			);
			currentVersion = B166FE7E2469D371000EBB00 /* DocFlow.xcdatamodel */;
			path = DocFlow.xcdatamodeld;
			sourceTree = "<group>";
			versionGroupType = wrapper.xcdatamodel;
		};
/* End XCVersionGroup section */
	};
	rootObject = B166FE6B2469D371000EBB00 /* Project object */;
}
